{
  "object": {
    "pins": [
      {
        "package": "Crypto",
        "repositoryURL": "https://github.com/impul/CryptoAES",
        "state": {
          "branch": null,
          "revision": "f97e000cf03efe1c6856f7a18ed99989950049d3",
          "version": "1.0.4"
        }
      }
    ]
  },
  "version": 1
}
